
Microsoft Visual Studio Solution File, Format Version 12.00
# Visual Studio Version 17
VisualStudioVersion = 17.0.31825.309
MinimumVisualStudioVersion = 10.0.40219.1
Project("{2150E333-8FDC-42A3-9474-1A3956D46DE8}") = "1 - Services", "1 - Services", "{B22E034D-A8FC-4A03-951C-9B6FB52C2F71}"
EndProject
Project("{2150E333-8FDC-42A3-9474-1A3956D46DE8}") = "0 - Gateways", "0 - Gateways", "{6ABB857F-D20A-4946-836E-187B3A00F7B6}"
EndProject
Project("{2150E333-8FDC-42A3-9474-1A3956D46DE8}") = "3 - Workers", "3 - Workers", "{8392CC79-D88A-45C9-A2A0-03037D7857F5}"
EndProject
Project("{9A19103F-16F7-4668-BE54-9A1E7A4F7556}") = "SchoolManager.Gateway", "SchoolManagerAPI.Gateway\SchoolManager.Gateway.csproj", "{96FB20C2-7BC6-406A-8BAE-326AC50B0C85}"
EndProject
Project("{9A19103F-16F7-4668-BE54-9A1E7A4F7556}") = "SchoolManager.Service.Identity", "SchoolManagerAPI.Identity\SchoolManager.Service.Identity.csproj", "{EF66A232-F7F9-4FE5-8B7F-A1A55016C504}"
EndProject
Project("{2150E333-8FDC-42A3-9474-1A3956D46DE8}") = "Identity Server", "Identity Server", "{68C3B153-3B86-4172-91CD-3F07E49DF6F6}"
EndProject
Project("{2150E333-8FDC-42A3-9474-1A3956D46DE8}") = "Course", "Course", "{9E906607-CC47-4AB5-95E8-5F996D285CC8}"
EndProject
Project("{9A19103F-16F7-4668-BE54-9A1E7A4F7556}") = "SchoolManager.Services.Course.API", "SchoolManager.Services.Course.API\SchoolManager.Services.Course.API.csproj", "{471B847A-2025-4E51-9B4C-6901AAD37F09}"
EndProject
Project("{9A19103F-16F7-4668-BE54-9A1E7A4F7556}") = "SchoolManager.Services.Course.Domain", "SchoolManager.Services.Course.Domain\SchoolManager.Services.Course.Domain.csproj", "{E737A6E8-75DA-4494-949C-7947A08C4AF9}"
EndProject
Project("{9A19103F-16F7-4668-BE54-9A1E7A4F7556}") = "SchoolManager.Services.Course.Infrastructure", "SchoolManager.Services.Course.Infrastructure\SchoolManager.Services.Course.Infrastructure.csproj", "{0C5BC82F-A79B-4567-8EDC-577F2AEE18DF}"
EndProject
Project("{9A19103F-16F7-4668-BE54-9A1E7A4F7556}") = "SchoolManager.Services.Course.Tests", "SchoolManager.Services.Course.Tests\SchoolManager.Services.Course.Tests.csproj", "{CAB380C1-8554-42C7-811B-4978EC387045}"
EndProject
Project("{9A19103F-16F7-4668-BE54-9A1E7A4F7556}") = "SchoolManager.Services.Course.Application", "SchoolManager.Services.Course.Application\SchoolManager.Services.Course.Application.csproj", "{7A4C8C7F-78EB-403D-8959-5683FAD43EBE}"
EndProject
Project("{2150E333-8FDC-42A3-9474-1A3956D46DE8}") = "Teacher", "Teacher", "{73595D61-DB43-4693-98AF-EC78F7DBAE7C}"
EndProject
Project("{FAE04EC0-301F-11D3-BF4B-00C04F79EFBC}") = "SchoolManager.Services.Teacher.API", "SchoolManager.Services.Teacher.API\SchoolManager.Services.Teacher.API.csproj", "{9F940C02-2BF3-4FC8-8259-34198A0ED521}"
EndProject
Project("{FAE04EC0-301F-11D3-BF4B-00C04F79EFBC}") = "SchoolManager.Services.Teacher.Application", "SchoolManager.Services.Teacher.Application\SchoolManager.Services.Teacher.Application.csproj", "{2CE87C0A-5C6D-461D-B130-A4E1B26AD277}"
EndProject
Project("{FAE04EC0-301F-11D3-BF4B-00C04F79EFBC}") = "SchoolManager.Services.Teacher.Domain", "SchoolManager.Services.Teacher.Domain\SchoolManager.Services.Teacher.Domain.csproj", "{622CFD76-667D-47F8-ADCA-729F76507C46}"
EndProject
Project("{FAE04EC0-301F-11D3-BF4B-00C04F79EFBC}") = "SchoolManager.Services.Teacher.Infrastructure", "SchoolManager.Services.Teacher.Infrastructure\SchoolManager.Services.Teacher.Infrastructure.csproj", "{EC64C3D9-35AE-4FB6-B066-97039E641C0A}"
EndProject
Project("{FAE04EC0-301F-11D3-BF4B-00C04F79EFBC}") = "SchoolManager.Services.Teacher.Tests", "SchoolManager.Services.Teacher.Tests\SchoolManager.Services.Teacher.Tests.csproj", "{7392B9E8-1E38-41B0-8248-2F75182054F6}"
EndProject
Global
	GlobalSection(SolutionConfigurationPlatforms) = preSolution
		Debug|Any CPU = Debug|Any CPU
		Release|Any CPU = Release|Any CPU
	EndGlobalSection
	GlobalSection(ProjectConfigurationPlatforms) = postSolution
		{96FB20C2-7BC6-406A-8BAE-326AC50B0C85}.Debug|Any CPU.ActiveCfg = Debug|Any CPU
		{96FB20C2-7BC6-406A-8BAE-326AC50B0C85}.Debug|Any CPU.Build.0 = Debug|Any CPU
		{96FB20C2-7BC6-406A-8BAE-326AC50B0C85}.Release|Any CPU.ActiveCfg = Release|Any CPU
		{96FB20C2-7BC6-406A-8BAE-326AC50B0C85}.Release|Any CPU.Build.0 = Release|Any CPU
		{EF66A232-F7F9-4FE5-8B7F-A1A55016C504}.Debug|Any CPU.ActiveCfg = Debug|Any CPU
		{EF66A232-F7F9-4FE5-8B7F-A1A55016C504}.Debug|Any CPU.Build.0 = Debug|Any CPU
		{EF66A232-F7F9-4FE5-8B7F-A1A55016C504}.Release|Any CPU.ActiveCfg = Release|Any CPU
		{EF66A232-F7F9-4FE5-8B7F-A1A55016C504}.Release|Any CPU.Build.0 = Release|Any CPU
		{471B847A-2025-4E51-9B4C-6901AAD37F09}.Debug|Any CPU.ActiveCfg = Debug|Any CPU
		{471B847A-2025-4E51-9B4C-6901AAD37F09}.Debug|Any CPU.Build.0 = Debug|Any CPU
		{471B847A-2025-4E51-9B4C-6901AAD37F09}.Release|Any CPU.ActiveCfg = Release|Any CPU
		{471B847A-2025-4E51-9B4C-6901AAD37F09}.Release|Any CPU.Build.0 = Release|Any CPU
		{E737A6E8-75DA-4494-949C-7947A08C4AF9}.Debug|Any CPU.ActiveCfg = Debug|Any CPU
		{E737A6E8-75DA-4494-949C-7947A08C4AF9}.Debug|Any CPU.Build.0 = Debug|Any CPU
		{E737A6E8-75DA-4494-949C-7947A08C4AF9}.Release|Any CPU.ActiveCfg = Release|Any CPU
		{E737A6E8-75DA-4494-949C-7947A08C4AF9}.Release|Any CPU.Build.0 = Release|Any CPU
		{0C5BC82F-A79B-4567-8EDC-577F2AEE18DF}.Debug|Any CPU.ActiveCfg = Debug|Any CPU
		{0C5BC82F-A79B-4567-8EDC-577F2AEE18DF}.Debug|Any CPU.Build.0 = Debug|Any CPU
		{0C5BC82F-A79B-4567-8EDC-577F2AEE18DF}.Release|Any CPU.ActiveCfg = Release|Any CPU
		{0C5BC82F-A79B-4567-8EDC-577F2AEE18DF}.Release|Any CPU.Build.0 = Release|Any CPU
		{CAB380C1-8554-42C7-811B-4978EC387045}.Debug|Any CPU.ActiveCfg = Debug|Any CPU
		{CAB380C1-8554-42C7-811B-4978EC387045}.Debug|Any CPU.Build.0 = Debug|Any CPU
		{CAB380C1-8554-42C7-811B-4978EC387045}.Release|Any CPU.ActiveCfg = Release|Any CPU
		{CAB380C1-8554-42C7-811B-4978EC387045}.Release|Any CPU.Build.0 = Release|Any CPU
		{7A4C8C7F-78EB-403D-8959-5683FAD43EBE}.Debug|Any CPU.ActiveCfg = Debug|Any CPU
		{7A4C8C7F-78EB-403D-8959-5683FAD43EBE}.Debug|Any CPU.Build.0 = Debug|Any CPU
		{7A4C8C7F-78EB-403D-8959-5683FAD43EBE}.Release|Any CPU.ActiveCfg = Release|Any CPU
		{7A4C8C7F-78EB-403D-8959-5683FAD43EBE}.Release|Any CPU.Build.0 = Release|Any CPU
		{9F940C02-2BF3-4FC8-8259-34198A0ED521}.Debug|Any CPU.ActiveCfg = Debug|Any CPU
		{9F940C02-2BF3-4FC8-8259-34198A0ED521}.Debug|Any CPU.Build.0 = Debug|Any CPU
		{9F940C02-2BF3-4FC8-8259-34198A0ED521}.Release|Any CPU.ActiveCfg = Release|Any CPU
		{9F940C02-2BF3-4FC8-8259-34198A0ED521}.Release|Any CPU.Build.0 = Release|Any CPU
		{2CE87C0A-5C6D-461D-B130-A4E1B26AD277}.Debug|Any CPU.ActiveCfg = Debug|Any CPU
		{2CE87C0A-5C6D-461D-B130-A4E1B26AD277}.Debug|Any CPU.Build.0 = Debug|Any CPU
		{2CE87C0A-5C6D-461D-B130-A4E1B26AD277}.Release|Any CPU.ActiveCfg = Release|Any CPU
		{2CE87C0A-5C6D-461D-B130-A4E1B26AD277}.Release|Any CPU.Build.0 = Release|Any CPU
		{622CFD76-667D-47F8-ADCA-729F76507C46}.Debug|Any CPU.ActiveCfg = Debug|Any CPU
		{622CFD76-667D-47F8-ADCA-729F76507C46}.Debug|Any CPU.Build.0 = Debug|Any CPU
		{622CFD76-667D-47F8-ADCA-729F76507C46}.Release|Any CPU.ActiveCfg = Release|Any CPU
		{622CFD76-667D-47F8-ADCA-729F76507C46}.Release|Any CPU.Build.0 = Release|Any CPU
		{EC64C3D9-35AE-4FB6-B066-97039E641C0A}.Debug|Any CPU.ActiveCfg = Debug|Any CPU
		{EC64C3D9-35AE-4FB6-B066-97039E641C0A}.Debug|Any CPU.Build.0 = Debug|Any CPU
		{EC64C3D9-35AE-4FB6-B066-97039E641C0A}.Release|Any CPU.ActiveCfg = Release|Any CPU
		{EC64C3D9-35AE-4FB6-B066-97039E641C0A}.Release|Any CPU.Build.0 = Release|Any CPU
		{7392B9E8-1E38-41B0-8248-2F75182054F6}.Debug|Any CPU.ActiveCfg = Debug|Any CPU
		{7392B9E8-1E38-41B0-8248-2F75182054F6}.Debug|Any CPU.Build.0 = Debug|Any CPU
		{7392B9E8-1E38-41B0-8248-2F75182054F6}.Release|Any CPU.ActiveCfg = Release|Any CPU
		{7392B9E8-1E38-41B0-8248-2F75182054F6}.Release|Any CPU.Build.0 = Release|Any CPU
	EndGlobalSection
	GlobalSection(SolutionProperties) = preSolution
		HideSolutionNode = FALSE
	EndGlobalSection
	GlobalSection(NestedProjects) = preSolution
		{96FB20C2-7BC6-406A-8BAE-326AC50B0C85} = {6ABB857F-D20A-4946-836E-187B3A00F7B6}
		{EF66A232-F7F9-4FE5-8B7F-A1A55016C504} = {68C3B153-3B86-4172-91CD-3F07E49DF6F6}
		{68C3B153-3B86-4172-91CD-3F07E49DF6F6} = {B22E034D-A8FC-4A03-951C-9B6FB52C2F71}
		{9E906607-CC47-4AB5-95E8-5F996D285CC8} = {B22E034D-A8FC-4A03-951C-9B6FB52C2F71}
		{471B847A-2025-4E51-9B4C-6901AAD37F09} = {9E906607-CC47-4AB5-95E8-5F996D285CC8}
		{E737A6E8-75DA-4494-949C-7947A08C4AF9} = {9E906607-CC47-4AB5-95E8-5F996D285CC8}
		{0C5BC82F-A79B-4567-8EDC-577F2AEE18DF} = {9E906607-CC47-4AB5-95E8-5F996D285CC8}
		{CAB380C1-8554-42C7-811B-4978EC387045} = {9E906607-CC47-4AB5-95E8-5F996D285CC8}
		{7A4C8C7F-78EB-403D-8959-5683FAD43EBE} = {9E906607-CC47-4AB5-95E8-5F996D285CC8}
		{73595D61-DB43-4693-98AF-EC78F7DBAE7C} = {B22E034D-A8FC-4A03-951C-9B6FB52C2F71}
		{9F940C02-2BF3-4FC8-8259-34198A0ED521} = {73595D61-DB43-4693-98AF-EC78F7DBAE7C}
		{2CE87C0A-5C6D-461D-B130-A4E1B26AD277} = {73595D61-DB43-4693-98AF-EC78F7DBAE7C}
		{622CFD76-667D-47F8-ADCA-729F76507C46} = {73595D61-DB43-4693-98AF-EC78F7DBAE7C}
		{EC64C3D9-35AE-4FB6-B066-97039E641C0A} = {73595D61-DB43-4693-98AF-EC78F7DBAE7C}
		{7392B9E8-1E38-41B0-8248-2F75182054F6} = {73595D61-DB43-4693-98AF-EC78F7DBAE7C}
	EndGlobalSection
	GlobalSection(ExtensibilityGlobals) = postSolution
		SolutionGuid = {C9E2C1C7-DA97-4F13-8B03-7C68CF15125D}
	EndGlobalSection
EndGlobal
