
Microsoft Visual Studio Solution File, Format Version 12.00
# Visual Studio Version 17
VisualStudioVersion = 17.0.31825.309
MinimumVisualStudioVersion = 10.0.40219.1
Project("{2150E333-8FDC-42A3-9474-1A3956D46DE8}") = "1 - Services", "1 - Services", "{B22E034D-A8FC-4A03-951C-9B6FB52C2F71}"
EndProject
Project("{2150E333-8FDC-42A3-9474-1A3956D46DE8}") = "0 - Gateways", "0 - Gateways", "{6ABB857F-D20A-4946-836E-187B3A00F7B6}"
EndProject
Project("{2150E333-8FDC-42A3-9474-1A3956D46DE8}") = "3 - Workers", "3 - Workers", "{8392CC79-D88A-45C9-A2A0-03037D7857F5}"
EndProject
Project("{9A19103F-16F7-4668-BE54-9A1E7A4F7556}") = "SchoolManager.Gateway", "SchoolManagerAPI.Gateway\SchoolManager.Gateway.csproj", "{96FB20C2-7BC6-406A-8BAE-326AC50B0C85}"
EndProject
Project("{9A19103F-16F7-4668-BE54-9A1E7A4F7556}") = "SchoolManager.Service.Identity", "SchoolManagerAPI.Identity\SchoolManager.Service.Identity.csproj", "{EF66A232-F7F9-4FE5-8B7F-A1A55016C504}"
EndProject
Project("{2150E333-8FDC-42A3-9474-1A3956D46DE8}") = "1.1 - Identity Server", "1.1 - Identity Server", "{68C3B153-3B86-4172-91CD-3F07E49DF6F6}"
EndProject
Project("{2150E333-8FDC-42A3-9474-1A3956D46DE8}") = "1.2 - Course", "1.2 - Course", "{9E906607-CC47-4AB5-95E8-5F996D285CC8}"
EndProject
Project("{FAE04EC0-301F-11D3-BF4B-00C04F79EFBC}") = "1.2.1.1 - SchoolManager.Service.Course.API", "SchoolManager.Service.Course\1.2.1.1 - SchoolManager.Service.Course.API.csproj", "{A018864A-51C5-4A25-8E22-B323F46CB1BF}"
EndProject
Project("{FAE04EC0-301F-11D3-BF4B-00C04F79EFBC}") = "1.2.2 - SchoolManager.Service.Course.Domain.Service", "SchoolManager.Service.Course.Service\1.2.2 - SchoolManager.Service.Course.Domain.Service.csproj", "{FFAB7E08-6102-467B-B73D-2AFF91664FBA}"
EndProject
Project("{FAE04EC0-301F-11D3-BF4B-00C04F79EFBC}") = "1.2.2 - SchoolManager.Service.Course.Domain", "1.2.2 - SchoolManager.Service.Course.Domain\1.2.2 - SchoolManager.Service.Course.Domain.csproj", "{293938A8-2F06-4572-85E6-BADC34857C56}"
EndProject
Project("{FAE04EC0-301F-11D3-BF4B-00C04F79EFBC}") = "1.2.2 - SchoolManager.Service.Course.AppService", "1.2.2 - SchoolManager.Service.Course.AppService\1.2.2 - SchoolManager.Service.Course.AppService.csproj", "{037955B2-389D-4FFC-8B0D-462635350C91}"
EndProject
Project("{2150E333-8FDC-42A3-9474-1A3956D46DE8}") = "1.2.5 - Infra", "1.2.5 - Infra", "{C50BA356-62F3-43E9-BDE3-588495122797}"
EndProject
Project("{2150E333-8FDC-42A3-9474-1A3956D46DE8}") = "1.2.1 - API", "1.2.1 - API", "{54D509BB-69C7-4917-8B79-99A4F0125004}"
EndProject
Project("{2150E333-8FDC-42A3-9474-1A3956D46DE8}") = "1.2.3 - Domain", "1.2.3 - Domain", "{EF67A933-7443-4E43-905D-91AFA0953EE8}"
EndProject
Project("{2150E333-8FDC-42A3-9474-1A3956D46DE8}") = "1.2.2 - Application", "1.2.2 - Application", "{AFD3C8FB-F704-4C9F-A39E-28E08B327776}"
EndProject
Project("{2150E333-8FDC-42A3-9474-1A3956D46DE8}") = "1.2.6 - Tests", "1.2.6 - Tests", "{60D0C877-F1BA-4769-AB89-093892596FD1}"
EndProject
Project("{FAE04EC0-301F-11D3-BF4B-00C04F79EFBC}") = "1.2.5.1 - SchoolManager.Service.Course.Infra.Data", "1.2.5.1 - SchoolManager.Service.Course.Infra.Data\1.2.5.1 - SchoolManager.Service.Course.Infra.Data.csproj", "{75365F81-299F-4CAC-A69A-8E691FBF7652}"
EndProject
Project("{FAE04EC0-301F-11D3-BF4B-00C04F79EFBC}") = "1.2.5.2 - SchoolManager.Service.Course.Infra.CrossCutting", "1.2.5.2 - SchoolManager.Service.Course.Infra.CrossCutting\1.2.5.2 - SchoolManager.Service.Course.Infra.CrossCutting.csproj", "{016D84C7-67C9-4DDD-A4F8-5960C30A8611}"
EndProject
Global
	GlobalSection(SolutionConfigurationPlatforms) = preSolution
		Debug|Any CPU = Debug|Any CPU
		Release|Any CPU = Release|Any CPU
	EndGlobalSection
	GlobalSection(ProjectConfigurationPlatforms) = postSolution
		{96FB20C2-7BC6-406A-8BAE-326AC50B0C85}.Debug|Any CPU.ActiveCfg = Debug|Any CPU
		{96FB20C2-7BC6-406A-8BAE-326AC50B0C85}.Debug|Any CPU.Build.0 = Debug|Any CPU
		{96FB20C2-7BC6-406A-8BAE-326AC50B0C85}.Release|Any CPU.ActiveCfg = Release|Any CPU
		{96FB20C2-7BC6-406A-8BAE-326AC50B0C85}.Release|Any CPU.Build.0 = Release|Any CPU
		{EF66A232-F7F9-4FE5-8B7F-A1A55016C504}.Debug|Any CPU.ActiveCfg = Debug|Any CPU
		{EF66A232-F7F9-4FE5-8B7F-A1A55016C504}.Debug|Any CPU.Build.0 = Debug|Any CPU
		{EF66A232-F7F9-4FE5-8B7F-A1A55016C504}.Release|Any CPU.ActiveCfg = Release|Any CPU
		{EF66A232-F7F9-4FE5-8B7F-A1A55016C504}.Release|Any CPU.Build.0 = Release|Any CPU
		{A018864A-51C5-4A25-8E22-B323F46CB1BF}.Debug|Any CPU.ActiveCfg = Debug|Any CPU
		{A018864A-51C5-4A25-8E22-B323F46CB1BF}.Debug|Any CPU.Build.0 = Debug|Any CPU
		{A018864A-51C5-4A25-8E22-B323F46CB1BF}.Release|Any CPU.ActiveCfg = Release|Any CPU
		{A018864A-51C5-4A25-8E22-B323F46CB1BF}.Release|Any CPU.Build.0 = Release|Any CPU
		{FFAB7E08-6102-467B-B73D-2AFF91664FBA}.Debug|Any CPU.ActiveCfg = Debug|Any CPU
		{FFAB7E08-6102-467B-B73D-2AFF91664FBA}.Debug|Any CPU.Build.0 = Debug|Any CPU
		{FFAB7E08-6102-467B-B73D-2AFF91664FBA}.Release|Any CPU.ActiveCfg = Release|Any CPU
		{FFAB7E08-6102-467B-B73D-2AFF91664FBA}.Release|Any CPU.Build.0 = Release|Any CPU
		{293938A8-2F06-4572-85E6-BADC34857C56}.Debug|Any CPU.ActiveCfg = Debug|Any CPU
		{293938A8-2F06-4572-85E6-BADC34857C56}.Debug|Any CPU.Build.0 = Debug|Any CPU
		{293938A8-2F06-4572-85E6-BADC34857C56}.Release|Any CPU.ActiveCfg = Release|Any CPU
		{293938A8-2F06-4572-85E6-BADC34857C56}.Release|Any CPU.Build.0 = Release|Any CPU
		{037955B2-389D-4FFC-8B0D-462635350C91}.Debug|Any CPU.ActiveCfg = Debug|Any CPU
		{037955B2-389D-4FFC-8B0D-462635350C91}.Debug|Any CPU.Build.0 = Debug|Any CPU
		{037955B2-389D-4FFC-8B0D-462635350C91}.Release|Any CPU.ActiveCfg = Release|Any CPU
		{037955B2-389D-4FFC-8B0D-462635350C91}.Release|Any CPU.Build.0 = Release|Any CPU
		{75365F81-299F-4CAC-A69A-8E691FBF7652}.Debug|Any CPU.ActiveCfg = Debug|Any CPU
		{75365F81-299F-4CAC-A69A-8E691FBF7652}.Debug|Any CPU.Build.0 = Debug|Any CPU
		{75365F81-299F-4CAC-A69A-8E691FBF7652}.Release|Any CPU.ActiveCfg = Release|Any CPU
		{75365F81-299F-4CAC-A69A-8E691FBF7652}.Release|Any CPU.Build.0 = Release|Any CPU
		{016D84C7-67C9-4DDD-A4F8-5960C30A8611}.Debug|Any CPU.ActiveCfg = Debug|Any CPU
		{016D84C7-67C9-4DDD-A4F8-5960C30A8611}.Debug|Any CPU.Build.0 = Debug|Any CPU
		{016D84C7-67C9-4DDD-A4F8-5960C30A8611}.Release|Any CPU.ActiveCfg = Release|Any CPU
		{016D84C7-67C9-4DDD-A4F8-5960C30A8611}.Release|Any CPU.Build.0 = Release|Any CPU
	EndGlobalSection
	GlobalSection(SolutionProperties) = preSolution
		HideSolutionNode = FALSE
	EndGlobalSection
	GlobalSection(NestedProjects) = preSolution
		{96FB20C2-7BC6-406A-8BAE-326AC50B0C85} = {6ABB857F-D20A-4946-836E-187B3A00F7B6}
		{EF66A232-F7F9-4FE5-8B7F-A1A55016C504} = {68C3B153-3B86-4172-91CD-3F07E49DF6F6}
		{68C3B153-3B86-4172-91CD-3F07E49DF6F6} = {B22E034D-A8FC-4A03-951C-9B6FB52C2F71}
		{9E906607-CC47-4AB5-95E8-5F996D285CC8} = {B22E034D-A8FC-4A03-951C-9B6FB52C2F71}
		{A018864A-51C5-4A25-8E22-B323F46CB1BF} = {54D509BB-69C7-4917-8B79-99A4F0125004}
		{FFAB7E08-6102-467B-B73D-2AFF91664FBA} = {EF67A933-7443-4E43-905D-91AFA0953EE8}
		{293938A8-2F06-4572-85E6-BADC34857C56} = {EF67A933-7443-4E43-905D-91AFA0953EE8}
		{037955B2-389D-4FFC-8B0D-462635350C91} = {AFD3C8FB-F704-4C9F-A39E-28E08B327776}
		{C50BA356-62F3-43E9-BDE3-588495122797} = {9E906607-CC47-4AB5-95E8-5F996D285CC8}
		{54D509BB-69C7-4917-8B79-99A4F0125004} = {9E906607-CC47-4AB5-95E8-5F996D285CC8}
		{EF67A933-7443-4E43-905D-91AFA0953EE8} = {9E906607-CC47-4AB5-95E8-5F996D285CC8}
		{AFD3C8FB-F704-4C9F-A39E-28E08B327776} = {9E906607-CC47-4AB5-95E8-5F996D285CC8}
		{60D0C877-F1BA-4769-AB89-093892596FD1} = {9E906607-CC47-4AB5-95E8-5F996D285CC8}
		{75365F81-299F-4CAC-A69A-8E691FBF7652} = {C50BA356-62F3-43E9-BDE3-588495122797}
		{016D84C7-67C9-4DDD-A4F8-5960C30A8611} = {C50BA356-62F3-43E9-BDE3-588495122797}
	EndGlobalSection
	GlobalSection(ExtensibilityGlobals) = postSolution
		SolutionGuid = {C9E2C1C7-DA97-4F13-8B03-7C68CF15125D}
	EndGlobalSection
EndGlobal
